// !$*UTF8*$!
{
	archiveVersion = 1;
	classes = {
	};
	objectVersion = 50;
	objects = {

/* Begin PBXBuildFile section */
		6CE8122D237158DE00123DD5 /* AppDelegate.m in Sources */ = {isa = PBXBuildFile; fileRef = 6CE8122C237158DE00123DD5 /* AppDelegate.m */; };
		6CE81230237158DE00123DD5 /* SceneDelegate.m in Sources */ = {isa = PBXBuildFile; fileRef = 6CE8122F237158DE00123DD5 /* SceneDelegate.m */; };
		6CE81236237158DE00123DD5 /* Main.storyboard in Resources */ = {isa = PBXBuildFile; fileRef = 6CE81234237158DE00123DD5 /* Main.storyboard */; };
		6CE81238237158E300123DD5 /* Assets.xcassets in Resources */ = {isa = PBXBuildFile; fileRef = 6CE81237237158E300123DD5 /* Assets.xcassets */; };
		6CE8123B237158E300123DD5 /* LaunchScreen.storyboard in Resources */ = {isa = PBXBuildFile; fileRef = 6CE81239237158E300123DD5 /* LaunchScreen.storyboard */; };
		6CE8123E237158E300123DD5 /* main.m in Sources */ = {isa = PBXBuildFile; fileRef = 6CE8123D237158E300123DD5 /* main.m */; };
		6CE8124823716EBA00123DD5 /* UISelectVC.m in Sources */ = {isa = PBXBuildFile; fileRef = 6CE8124723716EBA00123DD5 /* UISelectVC.m */; };
		6CE812752372E64700123DD5 /* CollectionViewCell.m in Sources */ = {isa = PBXBuildFile; fileRef = 6CE812732372E64700123DD5 /* CollectionViewCell.m */; };
		6CE812782373A17700123DD5 /* CollectionViewCell.xib in Resources */ = {isa = PBXBuildFile; fileRef = 6CE812742372E64700123DD5 /* CollectionViewCell.xib */; };
		6CE812812373FF3500123DD5 /* BillVC.m in Sources */ = {isa = PBXBuildFile; fileRef = 6CE812802373FF3500123DD5 /* BillVC.m */; };
		6CE812842374104400123DD5 /* InputBillVC.m in Sources */ = {isa = PBXBuildFile; fileRef = 6CE812832374104400123DD5 /* InputBillVC.m */; };
		6CE812882374340300123DD5 /* LeftTitleRightArrowCell.m in Sources */ = {isa = PBXBuildFile; fileRef = 6CE812862374340300123DD5 /* LeftTitleRightArrowCell.m */; };
		6CE812892374340300123DD5 /* LeftTitleRightArrowCell.xib in Resources */ = {isa = PBXBuildFile; fileRef = 6CE812872374340300123DD5 /* LeftTitleRightArrowCell.xib */; };
/* End PBXBuildFile section */

/* Begin PBXFileReference section */
		6CE81228237158DE00123DD5 /* CY_Extension_UI.app */ = {isa = PBXFileReference; explicitFileType = wrapper.application; includeInIndex = 0; path = CY_Extension_UI.app; sourceTree = BUILT_PRODUCTS_DIR; };
		6CE8122B237158DE00123DD5 /* AppDelegate.h */ = {isa = PBXFileReference; lastKnownFileType = sourcecode.c.h; path = AppDelegate.h; sourceTree = "<group>"; };
		6CE8122C237158DE00123DD5 /* AppDelegate.m */ = {isa = PBXFileReference; lastKnownFileType = sourcecode.c.objc; path = AppDelegate.m; sourceTree = "<group>"; };
		6CE8122E237158DE00123DD5 /* SceneDelegate.h */ = {isa = PBXFileReference; lastKnownFileType = sourcecode.c.h; path = SceneDelegate.h; sourceTree = "<group>"; };
		6CE8122F237158DE00123DD5 /* SceneDelegate.m */ = {isa = PBXFileReference; lastKnownFileType = sourcecode.c.objc; path = SceneDelegate.m; sourceTree = "<group>"; };
		6CE81235237158DE00123DD5 /* Base */ = {isa = PBXFileReference; lastKnownFileType = file.storyboard; name = Base; path = Base.lproj/Main.storyboard; sourceTree = "<group>"; };
		6CE81237237158E300123DD5 /* Assets.xcassets */ = {isa = PBXFileReference; lastKnownFileType = folder.assetcatalog; path = Assets.xcassets; sourceTree = "<group>"; };
		6CE8123A237158E300123DD5 /* Base */ = {isa = PBXFileReference; lastKnownFileType = file.storyboard; name = Base; path = Base.lproj/LaunchScreen.storyboard; sourceTree = "<group>"; };
		6CE8123C237158E300123DD5 /* Info.plist */ = {isa = PBXFileReference; lastKnownFileType = text.plist.xml; path = Info.plist; sourceTree = "<group>"; };
		6CE8123D237158E300123DD5 /* main.m */ = {isa = PBXFileReference; lastKnownFileType = sourcecode.c.objc; path = main.m; sourceTree = "<group>"; };
		6CE8124623716EBA00123DD5 /* UISelectVC.h */ = {isa = PBXFileReference; lastKnownFileType = sourcecode.c.h; path = UISelectVC.h; sourceTree = "<group>"; };
		6CE8124723716EBA00123DD5 /* UISelectVC.m */ = {isa = PBXFileReference; lastKnownFileType = sourcecode.c.objc; path = UISelectVC.m; sourceTree = "<group>"; };
		6CE812722372E64700123DD5 /* CollectionViewCell.h */ = {isa = PBXFileReference; lastKnownFileType = sourcecode.c.h; path = CollectionViewCell.h; sourceTree = "<group>"; };
		6CE812732372E64700123DD5 /* CollectionViewCell.m */ = {isa = PBXFileReference; lastKnownFileType = sourcecode.c.objc; path = CollectionViewCell.m; sourceTree = "<group>"; };
		6CE812742372E64700123DD5 /* CollectionViewCell.xib */ = {isa = PBXFileReference; lastKnownFileType = file.xib; path = CollectionViewCell.xib; sourceTree = "<group>"; };
		6CE8127F2373FF3500123DD5 /* BillVC.h */ = {isa = PBXFileReference; lastKnownFileType = sourcecode.c.h; path = BillVC.h; sourceTree = "<group>"; };
		6CE812802373FF3500123DD5 /* BillVC.m */ = {isa = PBXFileReference; lastKnownFileType = sourcecode.c.objc; path = BillVC.m; sourceTree = "<group>"; };
		6CE812822374104400123DD5 /* InputBillVC.h */ = {isa = PBXFileReference; lastKnownFileType = sourcecode.c.h; path = InputBillVC.h; sourceTree = "<group>"; };
		6CE812832374104400123DD5 /* InputBillVC.m */ = {isa = PBXFileReference; lastKnownFileType = sourcecode.c.objc; path = InputBillVC.m; sourceTree = "<group>"; };
		6CE812852374340300123DD5 /* LeftTitleRightArrowCell.h */ = {isa = PBXFileReference; lastKnownFileType = sourcecode.c.h; path = LeftTitleRightArrowCell.h; sourceTree = "<group>"; };
		6CE812862374340300123DD5 /* LeftTitleRightArrowCell.m */ = {isa = PBXFileReference; lastKnownFileType = sourcecode.c.objc; path = LeftTitleRightArrowCell.m; sourceTree = "<group>"; };
		6CE812872374340300123DD5 /* LeftTitleRightArrowCell.xib */ = {isa = PBXFileReference; lastKnownFileType = file.xib; path = LeftTitleRightArrowCell.xib; sourceTree = "<group>"; };
/* End PBXFileReference section */

/* Begin PBXFrameworksBuildPhase section */
		6CE81225237158DE00123DD5 /* Frameworks */ = {
			isa = PBXFrameworksBuildPhase;
			buildActionMask = 2147483647;
			files = (
			);
			runOnlyForDeploymentPostprocessing = 0;
		};
/* End PBXFrameworksBuildPhase section */

/* Begin PBXGroup section */
		6CE8121F237158DE00123DD5 = {
			isa = PBXGroup;
			children = (
				6CE8122A237158DE00123DD5 /* CY_Extension_UI */,
				6CE81229237158DE00123DD5 /* Products */,
			);
			sourceTree = "<group>";
		};
		6CE81229237158DE00123DD5 /* Products */ = {
			isa = PBXGroup;
			children = (
				6CE81228237158DE00123DD5 /* CY_Extension_UI.app */,
			);
			name = Products;
			sourceTree = "<group>";
		};
		6CE8122A237158DE00123DD5 /* CY_Extension_UI */ = {
			isa = PBXGroup;
			children = (
				6CE8122B237158DE00123DD5 /* AppDelegate.h */,
				6CE8122C237158DE00123DD5 /* AppDelegate.m */,
				6CE8122E237158DE00123DD5 /* SceneDelegate.h */,
				6CE8122F237158DE00123DD5 /* SceneDelegate.m */,
				6CE812702372E62700123DD5 /* View */,
				6CE8124423716E2800123DD5 /* ViewController */,
				6CE81234237158DE00123DD5 /* Main.storyboard */,
				6CE81237237158E300123DD5 /* Assets.xcassets */,
				6CE81239237158E300123DD5 /* LaunchScreen.storyboard */,
				6CE8123C237158E300123DD5 /* Info.plist */,
				6CE8123D237158E300123DD5 /* main.m */,
			);
			path = CY_Extension_UI;
			sourceTree = "<group>";
		};
		6CE8124423716E2800123DD5 /* ViewController */ = {
			isa = PBXGroup;
			children = (
				6CE8127E2373FF0E00123DD5 /* KeepAccount */,
				6CE8124523716E4A00123DD5 /* MainVC */,
			);
			path = ViewController;
			sourceTree = "<group>";
		};
		6CE8124523716E4A00123DD5 /* MainVC */ = {
			isa = PBXGroup;
			children = (
				6CE8124623716EBA00123DD5 /* UISelectVC.h */,
				6CE8124723716EBA00123DD5 /* UISelectVC.m */,
			);
			path = MainVC;
			sourceTree = "<group>";
		};
		6CE812702372E62700123DD5 /* View */ = {
			isa = PBXGroup;
			children = (
				6CE812712372E62700123DD5 /* Cell */,
			);
			path = View;
			sourceTree = "<group>";
		};
		6CE812712372E62700123DD5 /* Cell */ = {
			isa = PBXGroup;
			children = (
				6CE812722372E64700123DD5 /* CollectionViewCell.h */,
				6CE812732372E64700123DD5 /* CollectionViewCell.m */,
				6CE812742372E64700123DD5 /* CollectionViewCell.xib */,
				6CE812852374340300123DD5 /* LeftTitleRightArrowCell.h */,
				6CE812862374340300123DD5 /* LeftTitleRightArrowCell.m */,
				6CE812872374340300123DD5 /* LeftTitleRightArrowCell.xib */,
			);
			path = Cell;
			sourceTree = "<group>";
		};
		6CE8127E2373FF0E00123DD5 /* KeepAccount */ = {
			isa = PBXGroup;
			children = (
				6CE8127F2373FF3500123DD5 /* BillVC.h */,
				6CE812802373FF3500123DD5 /* BillVC.m */,
				6CE812822374104400123DD5 /* InputBillVC.h */,
				6CE812832374104400123DD5 /* InputBillVC.m */,
			);
			path = KeepAccount;
			sourceTree = "<group>";
		};
/* End PBXGroup section */

/* Begin PBXNativeTarget section */
		6CE81227237158DE00123DD5 /* CY_Extension_UI */ = {
			isa = PBXNativeTarget;
			buildConfigurationList = 6CE81241237158E300123DD5 /* Build configuration list for PBXNativeTarget "CY_Extension_UI" */;
			buildPhases = (
				6CE81224237158DE00123DD5 /* Sources */,
				6CE81225237158DE00123DD5 /* Frameworks */,
				6CE81226237158DE00123DD5 /* Resources */,
			);
			buildRules = (
			);
			dependencies = (
			);
			name = CY_Extension_UI;
			productName = CY_Extension_UI;
			productReference = 6CE81228237158DE00123DD5 /* CY_Extension_UI.app */;
			productType = "com.apple.product-type.application";
		};
/* End PBXNativeTarget section */

/* Begin PBXProject section */
		6CE81220237158DE00123DD5 /* Project object */ = {
			isa = PBXProject;
			attributes = {
				LastUpgradeCheck = 1120;
				ORGANIZATIONNAME = SaturdayNight;
				TargetAttributes = {
					6CE81227237158DE00123DD5 = {
						CreatedOnToolsVersion = 11.2;
					};
				};
			};
			buildConfigurationList = 6CE81223237158DE00123DD5 /* Build configuration list for PBXProject "CY_Extension_UI" */;
			compatibilityVersion = "Xcode 9.3";
			developmentRegion = en;
			hasScannedForEncodings = 0;
			knownRegions = (
				en,
				Base,
			);
			mainGroup = 6CE8121F237158DE00123DD5;
			productRefGroup = 6CE81229237158DE00123DD5 /* Products */;
			projectDirPath = "";
			projectRoot = "";
			targets = (
				6CE81227237158DE00123DD5 /* CY_Extension_UI */,
			);
		};
/* End PBXProject section */

/* Begin PBXResourcesBuildPhase section */
		6CE81226237158DE00123DD5 /* Resources */ = {
			isa = PBXResourcesBuildPhase;
			buildActionMask = 2147483647;
			files = (
				6CE812782373A17700123DD5 /* CollectionViewCell.xib in Resources */,
				6CE812892374340300123DD5 /* LeftTitleRightArrowCell.xib in Resources */,
				6CE8123B237158E300123DD5 /* LaunchScreen.storyboard in Resources */,
				6CE81238237158E300123DD5 /* Assets.xcassets in Resources */,
				6CE81236237158DE00123DD5 /* Main.storyboard in Resources */,
			);
			runOnlyForDeploymentPostprocessing = 0;
		};
/* End PBXResourcesBuildPhase section */

/* Begin PBXSourcesBuildPhase section */
		6CE81224237158DE00123DD5 /* Sources */ = {
			isa = PBXSourcesBuildPhase;
			buildActionMask = 2147483647;
			files = (
				6CE8122D237158DE00123DD5 /* AppDelegate.m in Sources */,
				6CE812812373FF3500123DD5 /* BillVC.m in Sources */,
				6CE812882374340300123DD5 /* LeftTitleRightArrowCell.m in Sources */,
				6CE812752372E64700123DD5 /* CollectionViewCell.m in Sources */,
				6CE812842374104400123DD5 /* InputBillVC.m in Sources */,
				6CE8123E237158E300123DD5 /* main.m in Sources */,
				6CE8124823716EBA00123DD5 /* UISelectVC.m in Sources */,
				6CE81230237158DE00123DD5 /* SceneDelegate.m in Sources */,
			);
			runOnlyForDeploymentPostprocessing = 0;
		};
/* End PBXSourcesBuildPhase section */

/* Begin PBXVariantGroup section */
		6CE81234237158DE00123DD5 /* Main.storyboard */ = {
			isa = PBXVariantGroup;
			children = (
				6CE81235237158DE00123DD5 /* Base */,
			);
			name = Main.storyboard;
			sourceTree = "<group>";
		};
		6CE81239237158E300123DD5 /* LaunchScreen.storyboard */ = {
			isa = PBXVariantGroup;
			children = (
				6CE8123A237158E300123DD5 /* Base */,
			);
			name = LaunchScreen.storyboard;
			sourceTree = "<group>";
		};
/* End PBXVariantGroup section */

/* Begin XCBuildConfiguration section */
		6CE8123F237158E300123DD5 /* Debug */ = {
			isa = XCBuildConfiguration;
			buildSettings = {
				ALWAYS_SEARCH_USER_PATHS = NO;
				CLANG_ANALYZER_NONNULL = YES;
				CLANG_ANALYZER_NUMBER_OBJECT_CONVERSION = YES_AGGRESSIVE;
				CLANG_CXX_LANGUAGE_STANDARD = "gnu++14";
				CLANG_CXX_LIBRARY = "libc++";
				CLANG_ENABLE_MODULES = YES;
				CLANG_ENABLE_OBJC_ARC = YES;
				CLANG_ENABLE_OBJC_WEAK = YES;
				CLANG_WARN_BLOCK_CAPTURE_AUTORELEASING = YES;
				CLANG_WARN_BOOL_CONVERSION = YES;
				CLANG_WARN_COMMA = YES;
				CLANG_WARN_CONSTANT_CONVERSION = YES;
				CLANG_WARN_DEPRECATED_OBJC_IMPLEMENTATIONS = YES;
				CLANG_WARN_DIRECT_OBJC_ISA_USAGE = YES_ERROR;
				CLANG_WARN_DOCUMENTATION_COMMENTS = YES;
				CLANG_WARN_EMPTY_BODY = YES;
				CLANG_WARN_ENUM_CONVERSION = YES;
				CLANG_WARN_INFINITE_RECURSION = YES;
				CLANG_WARN_INT_CONVERSION = YES;
				CLANG_WARN_NON_LITERAL_NULL_CONVERSION = YES;
				CLANG_WARN_OBJC_IMPLICIT_RETAIN_SELF = YES;
				CLANG_WARN_OBJC_LITERAL_CONVERSION = YES;
				CLANG_WARN_OBJC_ROOT_CLASS = YES_ERROR;
				CLANG_WARN_RANGE_LOOP_ANALYSIS = YES;
				CLANG_WARN_STRICT_PROTOTYPES = YES;
				CLANG_WARN_SUSPICIOUS_MOVE = YES;
				CLANG_WARN_UNGUARDED_AVAILABILITY = YES_AGGRESSIVE;
				CLANG_WARN_UNREACHABLE_CODE = YES;
				CLANG_WARN__DUPLICATE_METHOD_MATCH = YES;
				COPY_PHASE_STRIP = NO;
				DEBUG_INFORMATION_FORMAT = dwarf;
				ENABLE_STRICT_OBJC_MSGSEND = YES;
				ENABLE_TESTABILITY = YES;
				GCC_C_LANGUAGE_STANDARD = gnu11;
				GCC_DYNAMIC_NO_PIC = NO;
				GCC_NO_COMMON_BLOCKS = YES;
				GCC_OPTIMIZATION_LEVEL = 0;
				GCC_PREPROCESSOR_DEFINITIONS = (
					"DEBUG=1",
					"$(inherited)",
				);
				GCC_WARN_64_TO_32_BIT_CONVERSION = YES;
				GCC_WARN_ABOUT_RETURN_TYPE = YES_ERROR;
				GCC_WARN_UNDECLARED_SELECTOR = YES;
				GCC_WARN_UNINITIALIZED_AUTOS = YES_AGGRESSIVE;
				GCC_WARN_UNUSED_FUNCTION = YES;
				GCC_WARN_UNUSED_VARIABLE = YES;
				IPHONEOS_DEPLOYMENT_TARGET = 13.2;
				MTL_ENABLE_DEBUG_INFO = INCLUDE_SOURCE;
				MTL_FAST_MATH = YES;
				ONLY_ACTIVE_ARCH = YES;
				SDKROOT = iphoneos;
			};
			name = Debug;
		};
		6CE81240237158E300123DD5 /* Release */ = {
			isa = XCBuildConfiguration;
			buildSettings = {
				ALWAYS_SEARCH_USER_PATHS = NO;
				CLANG_ANALYZER_NONNULL = YES;
				CLANG_ANALYZER_NUMBER_OBJECT_CONVERSION = YES_AGGRESSIVE;
				CLANG_CXX_LANGUAGE_STANDARD = "gnu++14";
				CLANG_CXX_LIBRARY = "libc++";
				CLANG_ENABLE_MODULES = YES;
				CLANG_ENABLE_OBJC_ARC = YES;
				CLANG_ENABLE_OBJC_WEAK = YES;
				CLANG_WARN_BLOCK_CAPTURE_AUTORELEASING = YES;
				CLANG_WARN_BOOL_CONVERSION = YES;
				CLANG_WARN_COMMA = YES;
				CLANG_WARN_CONSTANT_CONVERSION = YES;
				CLANG_WARN_DEPRECATED_OBJC_IMPLEMENTATIONS = YES;
				CLANG_WARN_DIRECT_OBJC_ISA_USAGE = YES_ERROR;
				CLANG_WARN_DOCUMENTATION_COMMENTS = YES;
				CLANG_WARN_EMPTY_BODY = YES;
				CLANG_WARN_ENUM_CONVERSION = YES;
				CLANG_WARN_INFINITE_RECURSION = YES;
				CLANG_WARN_INT_CONVERSION = YES;
				CLANG_WARN_NON_LITERAL_NULL_CONVERSION = YES;
				CLANG_WARN_OBJC_IMPLICIT_RETAIN_SELF = YES;
				CLANG_WARN_OBJC_LITERAL_CONVERSION = YES;
				CLANG_WARN_OBJC_ROOT_CLASS = YES_ERROR;
				CLANG_WARN_RANGE_LOOP_ANALYSIS = YES;
				CLANG_WARN_STRICT_PROTOTYPES = YES;
				CLANG_WARN_SUSPICIOUS_MOVE = YES;
				CLANG_WARN_UNGUARDED_AVAILABILITY = YES_AGGRESSIVE;
				CLANG_WARN_UNREACHABLE_CODE = YES;
				CLANG_WARN__DUPLICATE_METHOD_MATCH = YES;
				COPY_PHASE_STRIP = NO;
				DEBUG_INFORMATION_FORMAT = "dwarf-with-dsym";
				ENABLE_NS_ASSERTIONS = NO;
				ENABLE_STRICT_OBJC_MSGSEND = YES;
				GCC_C_LANGUAGE_STANDARD = gnu11;
				GCC_NO_COMMON_BLOCKS = YES;
				GCC_WARN_64_TO_32_BIT_CONVERSION = YES;
				GCC_WARN_ABOUT_RETURN_TYPE = YES_ERROR;
				GCC_WARN_UNDECLARED_SELECTOR = YES;
				GCC_WARN_UNINITIALIZED_AUTOS = YES_AGGRESSIVE;
				GCC_WARN_UNUSED_FUNCTION = YES;
				GCC_WARN_UNUSED_VARIABLE = YES;
				IPHONEOS_DEPLOYMENT_TARGET = 13.2;
				MTL_ENABLE_DEBUG_INFO = NO;
				MTL_FAST_MATH = YES;
				SDKROOT = iphoneos;
				VALIDATE_PRODUCT = YES;
			};
			name = Release;
		};
		6CE81242237158E300123DD5 /* Debug */ = {
			isa = XCBuildConfiguration;
			buildSettings = {
				ASSETCATALOG_COMPILER_APPICON_NAME = AppIcon;
				CODE_SIGN_STYLE = Automatic;
				DEVELOPMENT_TEAM = YG3T5AFNXY;
				INFOPLIST_FILE = CY_Extension_UI/Info.plist;
				LD_RUNPATH_SEARCH_PATHS = (
					"$(inherited)",
					"@executable_path/Frameworks",
				);
				PRODUCT_BUNDLE_IDENTIFIER = "SaturdayNight.CY-Extension-UI";
				PRODUCT_NAME = "$(TARGET_NAME)";
				TARGETED_DEVICE_FAMILY = "1,2";
			};
			name = Debug;
		};
		6CE81243237158E300123DD5 /* Release */ = {
			isa = XCBuildConfiguration;
			buildSettings = {
				ASSETCATALOG_COMPILER_APPICON_NAME = AppIcon;
				CODE_SIGN_STYLE = Automatic;
				DEVELOPMENT_TEAM = YG3T5AFNXY;
				INFOPLIST_FILE = CY_Extension_UI/Info.plist;
				LD_RUNPATH_SEARCH_PATHS = (
					"$(inherited)",
					"@executable_path/Frameworks",
				);
				PRODUCT_BUNDLE_IDENTIFIER = "SaturdayNight.CY-Extension-UI";
				PRODUCT_NAME = "$(TARGET_NAME)";
				TARGETED_DEVICE_FAMILY = "1,2";
			};
			name = Release;
		};
/* End XCBuildConfiguration section */

/* Begin XCConfigurationList section */
		6CE81223237158DE00123DD5 /* Build configuration list for PBXProject "CY_Extension_UI" */ = {
			isa = XCConfigurationList;
			buildConfigurations = (
				6CE8123F237158E300123DD5 /* Debug */,
				6CE81240237158E300123DD5 /* Release */,
			);
			defaultConfigurationIsVisible = 0;
			defaultConfigurationName = Release;
		};
		6CE81241237158E300123DD5 /* Build configuration list for PBXNativeTarget "CY_Extension_UI" */ = {
			isa = XCConfigurationList;
			buildConfigurations = (
				6CE81242237158E300123DD5 /* Debug */,
				6CE81243237158E300123DD5 /* Release */,
			);
			defaultConfigurationIsVisible = 0;
			defaultConfigurationName = Release;
		};
/* End XCConfigurationList section */
	};
	rootObject = 6CE81220237158DE00123DD5 /* Project object */;
}
